
Microsoft Visual Studio Solution File, Format Version 12.00
# Visual Studio Version 16
VisualStudioVersion = 16.0.30523.141
MinimumVisualStudioVersion = 10.0.40219.1
Project("{FAE04EC0-301F-11D3-BF4B-00C04F79EFBC}") = "AsciiArtSimple", "AsciiArtSimple.csproj", "{97A167AD-B153-4277-9978-D189767E8D39}"
EndProject
Global
	GlobalSection(SolutionConfigurationPlatforms) = preSolution
		Debug|Any CPU = Debug|Any CPU
		Release|Any CPU = Release|Any CPU
	EndGlobalSection
	GlobalSection(ProjectConfigurationPlatforms) = postSolution
		{97A167AD-B153-4277-9978-D189767E8D39}.Debug|Any CPU.ActiveCfg = Debug|Any CPU
		{97A167AD-B153-4277-9978-D189767E8D39}.Debug|Any CPU.Build.0 = Debug|Any CPU
		{97A167AD-B153-4277-9978-D189767E8D39}.Release|Any CPU.ActiveCfg = Release|Any CPU
		{97A167AD-B153-4277-9978-D189767E8D39}.Release|Any CPU.Build.0 = Release|Any CPU
	EndGlobalSection
	GlobalSection(SolutionProperties) = preSolution
		HideSolutionNode = FALSE
	EndGlobalSection
	GlobalSection(ExtensibilityGlobals) = postSolution
		SolutionGuid = {96804E11-122F-4281-9FC5-2A0C39C17B8C}
	EndGlobalSection
EndGlobal
